
Microsoft Visual Studio Solution File, Format Version 12.00
# Visual Studio Version 16
VisualStudioVersion = 16.0.30011.22
MinimumVisualStudioVersion = 10.0.40219.1
Project("{9A19103F-16F7-4668-BE54-9A1E7A4F7556}") = "Step 11 - Sprite Animation", "Step 11 - Sprite Animation.csproj", "{516ED921-3024-48A5-BB26-0A9387140CFF}"
EndProject
Global
	GlobalSection(SolutionConfigurationPlatforms) = preSolution
		Debug|Any CPU = Debug|Any CPU
		Release|Any CPU = Release|Any CPU
	EndGlobalSection
	GlobalSection(ProjectConfigurationPlatforms) = postSolution
		{516ED921-3024-48A5-BB26-0A9387140CFF}.Debug|Any CPU.ActiveCfg = Debug|Any CPU
		{516ED921-3024-48A5-BB26-0A9387140CFF}.Debug|Any CPU.Build.0 = Debug|Any CPU
		{516ED921-3024-48A5-BB26-0A9387140CFF}.Release|Any CPU.ActiveCfg = Release|Any CPU
		{516ED921-3024-48A5-BB26-0A9387140CFF}.Release|Any CPU.Build.0 = Release|Any CPU
	EndGlobalSection
	GlobalSection(SolutionProperties) = preSolution
		HideSolutionNode = FALSE
	EndGlobalSection
	GlobalSection(ExtensibilityGlobals) = postSolution
		SolutionGuid = {6623FDC4-E808-45D9-A0D1-0283F77C7838}
	EndGlobalSection
EndGlobal
