
Microsoft Visual Studio Solution File, Format Version 12.00
# Visual Studio Version 16
VisualStudioVersion = 16.0.30011.22
MinimumVisualStudioVersion = 10.0.40219.1
Project("{9A19103F-16F7-4668-BE54-9A1E7A4F7556}") = "Step 3 - Create Sprite Object", "Step 3 - Create Sprite Object.csproj", "{49187D7F-E20D-4702-B2DA-F0622FBFF430}"
EndProject
Global
	GlobalSection(SolutionConfigurationPlatforms) = preSolution
		Debug|Any CPU = Debug|Any CPU
		Release|Any CPU = Release|Any CPU
	EndGlobalSection
	GlobalSection(ProjectConfigurationPlatforms) = postSolution
		{49187D7F-E20D-4702-B2DA-F0622FBFF430}.Debug|Any CPU.ActiveCfg = Debug|Any CPU
		{49187D7F-E20D-4702-B2DA-F0622FBFF430}.Debug|Any CPU.Build.0 = Debug|Any CPU
		{49187D7F-E20D-4702-B2DA-F0622FBFF430}.Release|Any CPU.ActiveCfg = Release|Any CPU
		{49187D7F-E20D-4702-B2DA-F0622FBFF430}.Release|Any CPU.Build.0 = Release|Any CPU
	EndGlobalSection
	GlobalSection(SolutionProperties) = preSolution
		HideSolutionNode = FALSE
	EndGlobalSection
	GlobalSection(ExtensibilityGlobals) = postSolution
		SolutionGuid = {E36C863E-E8B8-455E-825F-1981CBCE95BF}
	EndGlobalSection
EndGlobal
