
Microsoft Visual Studio Solution File, Format Version 12.00
# Visual Studio Version 16
VisualStudioVersion = 16.0.30011.22
MinimumVisualStudioVersion = 10.0.40219.1
Project("{9A19103F-16F7-4668-BE54-9A1E7A4F7556}") = "Step 9 - Sprite Collision Detection and Response", "Step 9 - Sprite Collision Detection and Response.csproj", "{B6786225-DEF3-401A-88EA-7E59562C56F7}"
EndProject
Global
	GlobalSection(SolutionConfigurationPlatforms) = preSolution
		Debug|Any CPU = Debug|Any CPU
		Release|Any CPU = Release|Any CPU
	EndGlobalSection
	GlobalSection(ProjectConfigurationPlatforms) = postSolution
		{B6786225-DEF3-401A-88EA-7E59562C56F7}.Debug|Any CPU.ActiveCfg = Debug|Any CPU
		{B6786225-DEF3-401A-88EA-7E59562C56F7}.Debug|Any CPU.Build.0 = Debug|Any CPU
		{B6786225-DEF3-401A-88EA-7E59562C56F7}.Release|Any CPU.ActiveCfg = Release|Any CPU
		{B6786225-DEF3-401A-88EA-7E59562C56F7}.Release|Any CPU.Build.0 = Release|Any CPU
	EndGlobalSection
	GlobalSection(SolutionProperties) = preSolution
		HideSolutionNode = FALSE
	EndGlobalSection
	GlobalSection(ExtensibilityGlobals) = postSolution
		SolutionGuid = {39BEE3BD-71A6-4466-BA82-FA6D947283AB}
	EndGlobalSection
EndGlobal
