
Microsoft Visual Studio Solution File, Format Version 12.00
# Visual Studio Version 16
VisualStudioVersion = 16.0.30011.22
MinimumVisualStudioVersion = 10.0.40219.1
Project("{9A19103F-16F7-4668-BE54-9A1E7A4F7556}") = "Step 6 - Sprite Shooting Bullets", "Step 6 - Sprite Shooting Bullets.csproj", "{9BD7BECB-2977-467D-993D-21A9D8D8D073}"
EndProject
Global
	GlobalSection(SolutionConfigurationPlatforms) = preSolution
		Debug|Any CPU = Debug|Any CPU
		Release|Any CPU = Release|Any CPU
	EndGlobalSection
	GlobalSection(ProjectConfigurationPlatforms) = postSolution
		{9BD7BECB-2977-467D-993D-21A9D8D8D073}.Debug|Any CPU.ActiveCfg = Debug|Any CPU
		{9BD7BECB-2977-467D-993D-21A9D8D8D073}.Debug|Any CPU.Build.0 = Debug|Any CPU
		{9BD7BECB-2977-467D-993D-21A9D8D8D073}.Release|Any CPU.ActiveCfg = Release|Any CPU
		{9BD7BECB-2977-467D-993D-21A9D8D8D073}.Release|Any CPU.Build.0 = Release|Any CPU
	EndGlobalSection
	GlobalSection(SolutionProperties) = preSolution
		HideSolutionNode = FALSE
	EndGlobalSection
	GlobalSection(ExtensibilityGlobals) = postSolution
		SolutionGuid = {CB4111CD-EB6A-4F11-8E73-06E7724DA4C2}
	EndGlobalSection
EndGlobal
