
Microsoft Visual Studio Solution File, Format Version 12.00
# Visual Studio Version 16
VisualStudioVersion = 16.0.30011.22
MinimumVisualStudioVersion = 10.0.40219.1
Project("{9A19103F-16F7-4668-BE54-9A1E7A4F7556}") = "Step 18 - Viewing A Sprites Rectangle", "Step 18 - Viewing A Sprites Rectangle.csproj", "{85A30579-E6D9-4F82-A9F4-96B1D04A1DBF}"
EndProject
Global
	GlobalSection(SolutionConfigurationPlatforms) = preSolution
		Debug|Any CPU = Debug|Any CPU
		Release|Any CPU = Release|Any CPU
	EndGlobalSection
	GlobalSection(ProjectConfigurationPlatforms) = postSolution
		{85A30579-E6D9-4F82-A9F4-96B1D04A1DBF}.Debug|Any CPU.ActiveCfg = Debug|Any CPU
		{85A30579-E6D9-4F82-A9F4-96B1D04A1DBF}.Debug|Any CPU.Build.0 = Debug|Any CPU
		{85A30579-E6D9-4F82-A9F4-96B1D04A1DBF}.Release|Any CPU.ActiveCfg = Release|Any CPU
		{85A30579-E6D9-4F82-A9F4-96B1D04A1DBF}.Release|Any CPU.Build.0 = Release|Any CPU
	EndGlobalSection
	GlobalSection(SolutionProperties) = preSolution
		HideSolutionNode = FALSE
	EndGlobalSection
	GlobalSection(ExtensibilityGlobals) = postSolution
		SolutionGuid = {F5084A40-86FC-43C0-B828-209798C9CBD3}
	EndGlobalSection
EndGlobal
